{
  "nodes": {
    "capacitor": {
      "inputs": {
        "nixpkgs": "nixpkgs",
        "root": []
      },
      "locked": {
        "lastModified": 1656347145,
        "narHash": "sha256-t1vsZpn9UY6oGM4wA8D4ScugfduE9fFb0oZQyu5V7eg=",
        "ref": "main",
        "rev": "8388d35bd984bbf40bc260bde74a8a89b355c21d",
        "revCount": 78,
        "type": "git",
        "url": "ssh://git@github.com/flox/minicapacitor"
      },
      "original": {
        "ref": "main",
        "type": "git",
        "url": "ssh://git@github.com/flox/minicapacitor"
      }
    },
    "catalog": {
      "inputs": {
        "capacitor": [
          "capacitor"
        ]
      },
      "locked": {
        "lastModified": 1656349525,
        "narHash": "sha256-IT82wqVIegLugToNEqAHvXd7zXNI+cFpAF3RyniYfXI=",
        "ref": "minicapacitor",
        "rev": "bf91f6c8646526dd0f3a8bfd4bf6ce81ce1e6451",
        "revCount": 50,
        "type": "git",
        "url": "ssh://git@github.com/flox/catalog"
      },
      "original": {
        "ref": "minicapacitor",
        "type": "git",
        "url": "ssh://git@github.com/flox/catalog"
      }
    },
    "flake-compat": {
      "flake": false,
      "locked": {
        "lastModified": 1650374568,
        "narHash": "sha256-Z+s0J8/r907g149rllvwhb4pKi8Wam5ij0st8PwAh+E=",
        "owner": "edolstra",
        "repo": "flake-compat",
        "rev": "b4a34015c698c7793d592d66adbab377907a2be8",
        "type": "github"
      },
      "original": {
        "owner": "edolstra",
        "repo": "flake-compat",
        "type": "github"
      }
    },
    "flake-utils": {
      "locked": {
        "lastModified": 1653893745,
        "narHash": "sha256-0jntwV3Z8//YwuOjzhV2sgJJPt+HY6KhU7VZUL0fKZQ=",
        "owner": "numtide",
        "repo": "flake-utils",
        "rev": "1ed9fb1935d260de5fe1c2f7ee0ebaae17ed2fa1",
        "type": "github"
      },
      "original": {
        "owner": "numtide",
        "repo": "flake-utils",
        "type": "github"
      }
    },
    "flox": {
      "inputs": {
        "capacitor": [
          "capacitor"
        ]
      },
      "locked": {
        "lastModified": 1654164190,
        "narHash": "sha256-BDhzhpOdSxJ0NsEEUNOacmXV6TgMGoG2pdnu3YnVgfU=",
        "ref": "minicapacitor",
        "rev": "03290a3b2e6efe3c13142a522d75bf73d7ab768e",
        "revCount": 135,
        "type": "git",
        "url": "ssh://git@github.com/flox/flox"
      },
      "original": {
        "ref": "minicapacitor",
        "type": "git",
        "url": "ssh://git@github.com/flox/flox"
      }
    },
    "flox/floxdocs/tng": {
      "flake": false,
      "locked": {
        "lastModified": 1656330997,
        "narHash": "sha256-78OjmlqFZtXueFwVkKDmevzG3T7u0Mh+GtG+sdzLxRM=",
        "ref": "tng",
        "rev": "e221b6aedf367205fd6d6e3f7a7a6df71b8ff25d",
        "revCount": 471,
        "type": "git",
        "url": "ssh://git@github.com/flox/floxdocs"
      },
      "original": {
        "ref": "tng",
        "type": "git",
        "url": "ssh://git@github.com/flox/floxdocs"
      }
    },
    "flox/mini-dinstall": {
      "flake": false,
      "locked": {
        "lastModified": 1628154387,
        "narHash": "sha256-Xb8pO+jmMCbkgd8gcamqs2kFpBuccc7xa21jQKnCy04=",
        "ref": "main",
        "rev": "e0a05885120fd70595fe0f5468fa77d83049081f",
        "revCount": 1,
        "type": "git",
        "url": "ssh://git@github.com/flox/mini-dinstall"
      },
      "original": {
        "ref": "main",
        "type": "git",
        "url": "ssh://git@github.com/flox/mini-dinstall"
      }
    },
    "flox/tracelinks": {
      "flake": false,
      "locked": {
        "lastModified": 1647596882,
        "narHash": "sha256-RdD0fUS1XT03T4XSp4abxb8AOkQUEy93I86xBkks/Tc=",
        "ref": "main",
        "rev": "22d985d2757f1834ee51d3dadc93908c9cfc9ab3",
        "revCount": 5,
        "type": "git",
        "url": "ssh://git@github.com/flox/tracelinks"
      },
      "original": {
        "ref": "main",
        "type": "git",
        "url": "ssh://git@github.com/flox/tracelinks"
      }
    },
    "naersk": {
      "inputs": {
        "nixpkgs": "nixpkgs_2"
      },
      "locked": {
        "lastModified": 1653413650,
        "narHash": "sha256-wojDHjb+eU80MPH+3HQaK0liUy8EgR95rvmCl24i58Y=",
        "owner": "nix-community",
        "repo": "naersk",
        "rev": "69daaceebe12c070cd5ae69ba38f277bbf033695",
        "type": "github"
      },
      "original": {
        "owner": "nix-community",
        "repo": "naersk",
        "type": "github"
      }
    },
    "nix-editor": {
      "inputs": {
        "flake-compat": "flake-compat",
        "flake-utils": "flake-utils",
        "naersk": "naersk",
        "nixpkgs": "nixpkgs_3"
      },
      "locked": {
        "lastModified": 1655961993,
        "narHash": "sha256-tBC8dzqyejhsDbW2xwkpA63ZfRoQ/0cM95KXQRR4MsE=",
        "owner": "vlinkz",
        "repo": "nix-editor",
        "rev": "1b3a5538cf54227fce28c28776c7ea8714e07dcd",
        "type": "github"
      },
      "original": {
        "owner": "vlinkz",
        "repo": "nix-editor",
        "type": "github"
      }
    },
    "nix-installers": {
      "inputs": {
        "capacitor": [
          "capacitor"
        ]
      },
      "locked": {
        "lastModified": 1654791522,
        "narHash": "sha256-y+nHqFdyBraARqAw1L4BUj33p0gW+5vyEaFL0SgmoJo=",
        "ref": "minicapacitor",
        "rev": "00b034161a362290567ad8f2f59311ae7eba382f",
        "revCount": 91,
        "type": "git",
        "url": "ssh://git@github.com/flox/nix-installers"
      },
      "original": {
        "ref": "minicapacitor",
        "type": "git",
        "url": "ssh://git@github.com/flox/nix-installers"
      }
    },
    "nixpkgs": {
      "locked": {
        "lastModified": 1653060744,
        "narHash": "sha256-kfRusllRumpt33J1hPV+CeCCylCXEU7e0gn2/cIM7cY=",
        "owner": "flox",
        "repo": "nixpkgs",
        "rev": "dfd82985c273aac6eced03625f454b334daae2e8",
        "type": "github"
      },
      "original": {
        "owner": "flox",
        "ref": "stable",
        "repo": "nixpkgs",
        "type": "github"
      }
    },
    "nixpkgs-stable": {
      "locked": {
        "lastModified": 1653060744,
        "narHash": "sha256-kfRusllRumpt33J1hPV+CeCCylCXEU7e0gn2/cIM7cY=",
        "owner": "flox",
        "repo": "nixpkgs",
        "rev": "dfd82985c273aac6eced03625f454b334daae2e8",
        "type": "github"
      },
      "original": {
        "owner": "flox",
        "ref": "stable",
        "repo": "nixpkgs",
        "type": "github"
      }
    },
    "nixpkgs-staging": {
      "locked": {
        "lastModified": 1655221618,
        "narHash": "sha256-ht8HRFthDKzYt+il+sGgkBwrv+Ex2l8jdGVpsrPfFME=",
        "owner": "flox",
        "repo": "nixpkgs",
        "rev": "6616de389ed55fba6eeba60377fc04732d5a207c",
        "type": "github"
      },
      "original": {
        "owner": "flox",
        "ref": "staging",
        "repo": "nixpkgs",
        "type": "github"
      }
    },
    "nixpkgs-unstable": {
      "locked": {
        "lastModified": 1655221618,
        "narHash": "sha256-ht8HRFthDKzYt+il+sGgkBwrv+Ex2l8jdGVpsrPfFME=",
        "owner": "flox",
        "repo": "nixpkgs",
        "rev": "6616de389ed55fba6eeba60377fc04732d5a207c",
        "type": "github"
      },
      "original": {
        "owner": "flox",
        "ref": "unstable",
        "repo": "nixpkgs",
        "type": "github"
      }
    },
    "nixpkgs_2": {
      "locked": {
        "lastModified": 1653918805,
        "narHash": "sha256-6ahwAnBNGgqSNSn/6RnsxrlFi+fkA+RyT6o/5S1915o=",
        "owner": "NixOS",
        "repo": "nixpkgs",
        "rev": "a0a69be4b5ee63f1b5e75887a406e9194012b492",
        "type": "github"
      },
      "original": {
        "id": "nixpkgs",
        "type": "indirect"
      }
    },
    "nixpkgs_3": {
      "locked": {
        "lastModified": 1653845079,
        "narHash": "sha256-7ghaQZ+7JXLI9FgNH8+RQHAt3/ubT92j8NtjZleP6t4=",
        "owner": "nixos",
        "repo": "nixpkgs",
        "rev": "b62ada430501de88dfbb08cea4eb98ead3a5e3e7",
        "type": "github"
      },
      "original": {
        "owner": "nixos",
        "ref": "nixos-unstable",
        "repo": "nixpkgs",
        "type": "github"
      }
    },
    "root": {
      "inputs": {
        "capacitor": "capacitor",
        "catalog": "catalog",
        "flox": "flox",
        "flox/floxdocs/tng": "flox/floxdocs/tng",
        "flox/mini-dinstall": "flox/mini-dinstall",
        "flox/tracelinks": "flox/tracelinks",
        "nix-editor": "nix-editor",
        "nix-installers": "nix-installers",
        "nixpkgs-stable": "nixpkgs-stable",
        "nixpkgs-staging": "nixpkgs-staging",
        "nixpkgs-unstable": "nixpkgs-unstable"
      }
    }
  },
  "root": "root",
  "version": 7
}
