{
  "nodes": {
    "capacitor": {
      "inputs": {
        "nixpkgs": "nixpkgs",
        "root": []
      },
      "locked": {
        "dir": "capacitor",
        "lastModified": 1654610011,
        "narHash": "sha256-X8fuqhaZ/7gEndrGNApVgxCtQpZVKhj8liWs2RAaSB4=",
        "ref": "main",
        "rev": "f61d8a4758150197872502c3dd06d6ca05917b73",
        "revCount": 18,
        "type": "git",
        "url": "ssh://git@github.com/flox/minicapacitor?dir=capacitor"
      },
      "original": {
        "dir": "capacitor",
        "ref": "main",
        "type": "git",
        "url": "ssh://git@github.com/flox/minicapacitor?dir=capacitor"
      }
    },
    "catalog": {
      "inputs": {
        "capacitor": [
          "pkgs",
          "capacitor"
        ],
        "src": "src"
      },
      "locked": {
        "lastModified": 1,
        "narHash": "sha256-LfXghn7cTjvNdpnMbWiX5w2QEEJTmrQDX9ZajDP18AY=",
        "path": "./catalog",
        "type": "path"
      },
      "original": {
        "path": "./catalog",
        "type": "path"
      }
    },
    "flox": {
      "inputs": {
        "capacitor": [
          "pkgs",
          "capacitor"
        ]
      },
      "locked": {
        "lastModified": 1654164190,
        "narHash": "sha256-BDhzhpOdSxJ0NsEEUNOacmXV6TgMGoG2pdnu3YnVgfU=",
        "ref": "minicapacitor",
        "rev": "03290a3b2e6efe3c13142a522d75bf73d7ab768e",
        "revCount": 135,
        "type": "git",
        "url": "ssh://git@github.com/flox/flox"
      },
      "original": {
        "ref": "minicapacitor",
        "type": "git",
        "url": "ssh://git@github.com/flox/flox"
      }
    },
    "flox/floxdocs/tng": {
      "flake": false,
      "locked": {
        "lastModified": 1654525651,
        "narHash": "sha256-GbPtExHU7a+x4OizO0RIku0YftX08qxxXNWrYTxMcnw=",
        "ref": "tng",
        "rev": "52670857c8ed8d84afbd18b7f8a8f83c91b54b03",
        "revCount": 443,
        "type": "git",
        "url": "ssh://git@github.com/flox/floxdocs"
      },
      "original": {
        "ref": "tng",
        "type": "git",
        "url": "ssh://git@github.com/flox/floxdocs"
      }
    },
    "flox/mini-dinstall": {
      "flake": false,
      "locked": {
        "lastModified": 1628154387,
        "narHash": "sha256-Xb8pO+jmMCbkgd8gcamqs2kFpBuccc7xa21jQKnCy04=",
        "ref": "main",
        "rev": "e0a05885120fd70595fe0f5468fa77d83049081f",
        "revCount": 1,
        "type": "git",
        "url": "ssh://git@github.com/flox/mini-dinstall"
      },
      "original": {
        "ref": "main",
        "type": "git",
        "url": "ssh://git@github.com/flox/mini-dinstall"
      }
    },
    "nix-installers": {
      "inputs": {
        "capacitor": [
          "pkgs",
          "capacitor"
        ]
      },
      "locked": {
        "lastModified": 1654602065,
        "narHash": "sha256-AVDL9Yy/jrAwsrmdsDBKfBQg2kJL/qeaY7KnhupwgHo=",
        "ref": "minicapacitor",
        "rev": "6d03d5b44921965c47e181e16af79d4f01ddc1e9",
        "revCount": 68,
        "type": "git",
        "url": "ssh://git@github.com/flox/nix-installers"
      },
      "original": {
        "ref": "minicapacitor",
        "type": "git",
        "url": "ssh://git@github.com/flox/nix-installers"
      }
    },
    "nixpkgs": {
      "locked": {
        "lastModified": 1652739558,
        "narHash": "sha256-znGkjGugajqF/sFS+H4+ENmGTaVPFE0uu1JjQZJLEaQ=",
        "path": "/nix/store/s5vidnfp9kl1lqg3yriilizfiz07i57n-source",
        "rev": "ff691ed9ba21528c1b4e034f36a04027e4522c58",
        "type": "path"
      },
      "original": {
        "id": "nixpkgs",
        "type": "indirect"
      }
    },
    "nixpkgs-stable": {
      "locked": {
        "lastModified": 1653060744,
        "narHash": "sha256-kfRusllRumpt33J1hPV+CeCCylCXEU7e0gn2/cIM7cY=",
        "owner": "flox",
        "repo": "nixpkgs",
        "rev": "dfd82985c273aac6eced03625f454b334daae2e8",
        "type": "github"
      },
      "original": {
        "owner": "flox",
        "ref": "stable",
        "repo": "nixpkgs",
        "type": "github"
      }
    },
    "nixpkgs-staging": {
      "locked": {
        "lastModified": 1653060744,
        "narHash": "sha256-kfRusllRumpt33J1hPV+CeCCylCXEU7e0gn2/cIM7cY=",
        "owner": "flox",
        "repo": "nixpkgs",
        "rev": "dfd82985c273aac6eced03625f454b334daae2e8",
        "type": "github"
      },
      "original": {
        "owner": "flox",
        "ref": "staging",
        "repo": "nixpkgs",
        "type": "github"
      }
    },
    "nixpkgs-unstable": {
      "locked": {
        "lastModified": 1653060744,
        "narHash": "sha256-kfRusllRumpt33J1hPV+CeCCylCXEU7e0gn2/cIM7cY=",
        "owner": "flox",
        "repo": "nixpkgs",
        "rev": "dfd82985c273aac6eced03625f454b334daae2e8",
        "type": "github"
      },
      "original": {
        "owner": "flox",
        "ref": "unstable",
        "repo": "nixpkgs",
        "type": "github"
      }
    },
    "pkgs": {
      "inputs": {
        "capacitor": [
          "capacitor"
        ],
        "catalog": "catalog",
        "flox": "flox",
        "flox/floxdocs/tng": "flox/floxdocs/tng",
        "flox/mini-dinstall": "flox/mini-dinstall",
        "nix-installers": "nix-installers",
        "tracelinks": "tracelinks"
      },
      "locked": {
        "lastModified": 1,
        "narHash": "sha256-6VnKhHXUK6UR5EuoEPULD3biNEv8AuKwjXXofWIvSE0=",
        "path": "./pkgs",
        "type": "path"
      },
      "original": {
        "path": "./pkgs",
        "type": "path"
      }
    },
    "root": {
      "inputs": {
        "capacitor": "capacitor",
        "nixpkgs-stable": "nixpkgs-stable",
        "nixpkgs-staging": "nixpkgs-staging",
        "nixpkgs-unstable": "nixpkgs-unstable",
        "pkgs": "pkgs"
      }
    },
    "src": {
      "flake": false,
      "locked": {
        "lastModified": 1653596154,
        "narHash": "sha256-tXsp/zXlmeirsIAmbiEwsCYALdzTnJYcikIxFZmtY8w=",
        "ref": "master",
        "rev": "88d431a0ac98e1a325416863e62a2c73ba600c32",
        "revCount": 45,
        "type": "git",
        "url": "ssh://git@github.com/flox/catalog"
      },
      "original": {
        "ref": "master",
        "type": "git",
        "url": "ssh://git@github.com/flox/catalog"
      }
    },
    "src_2": {
      "flake": false,
      "locked": {
        "lastModified": 1647596882,
        "narHash": "sha256-RdD0fUS1XT03T4XSp4abxb8AOkQUEy93I86xBkks/Tc=",
        "ref": "main",
        "rev": "22d985d2757f1834ee51d3dadc93908c9cfc9ab3",
        "revCount": 5,
        "type": "git",
        "url": "ssh://git@github.com/flox/tracelinks"
      },
      "original": {
        "ref": "main",
        "type": "git",
        "url": "ssh://git@github.com/flox/tracelinks"
      }
    },
    "tracelinks": {
      "inputs": {
        "capacitor": [
          "pkgs",
          "capacitor"
        ],
        "src": "src_2"
      },
      "locked": {
        "lastModified": 1,
        "narHash": "sha256-fWNohkAGXT0IM+Oykf4rHuqntKSpgwfP3L2yRCLDyLE=",
        "path": "./tracelinks",
        "type": "path"
      },
      "original": {
        "path": "./tracelinks",
        "type": "path"
      }
    }
  },
  "root": "root",
  "version": 7
}
