{
  "nodes": {
    "cached__nixpkgs-stable__x86_64-linux": {
      "locked": {
        "narHash": "sha256-f0lsy0DqBvd1RITD6jN4Y9KYkZaT2aFFK4pHPvuU/A4=",
        "type": "tarball",
        "url": "https://hydra.floxsdlc.com/channels/nixpkgs/stable/x86_64-linux.tar.gz"
      },
      "original": {
        "type": "tarball",
        "url": "https://hydra.floxsdlc.com/channels/nixpkgs/stable/x86_64-linux.tar.gz"
      }
    },
    "capacitor": {
      "inputs": {
        "nix-eval-jobs": "nix-eval-jobs",
        "nixpkgs": [
          "nixpkgs"
        ],
        "nixpkgs-lib": "nixpkgs-lib",
        "root": []
      },
      "locked": {
        "lastModified": 1652937038,
        "narHash": "sha256-cbeCxtxI6YbbH71D/rBBZOLtbcx5yG3NaKSwK9hGibo=",
        "ref": "master",
        "rev": "dae0fb9d3d00e0ed717c279cebfc1b28c3363e42",
        "revCount": 180,
        "type": "git",
        "url": "ssh://git@github.com/flox/capacitor"
      },
      "original": {
        "type": "git",
        "url": "ssh://git@github.com/flox/capacitor"
      }
    },
    "catalog": {
      "inputs": {
        "src": "src"
      },
      "locked": {
        "narHash": "sha256-KsN0pnX1oxSS6jDzDcomJ63niY68l6UG9JvFXgzyC4Q=",
        "path": "./pkgs/catalog",
        "type": "path"
      },
      "original": {
        "path": "./pkgs/catalog",
        "type": "path"
      }
    },
    "flake-utils": {
      "locked": {
        "lastModified": 1644229661,
        "narHash": "sha256-1YdnJAsNy69bpcjuoKdOYQX0YxZBiCYZo4Twxerqv7k=",
        "owner": "numtide",
        "repo": "flake-utils",
        "rev": "3cecb5b042f7f209c56ffd8371b2711a290ec797",
        "type": "github"
      },
      "original": {
        "owner": "numtide",
        "repo": "flake-utils",
        "type": "github"
      }
    },
    "flake-utils_2": {
      "locked": {
        "lastModified": 1644229661,
        "narHash": "sha256-1YdnJAsNy69bpcjuoKdOYQX0YxZBiCYZo4Twxerqv7k=",
        "owner": "numtide",
        "repo": "flake-utils",
        "rev": "3cecb5b042f7f209c56ffd8371b2711a290ec797",
        "type": "github"
      },
      "original": {
        "owner": "numtide",
        "repo": "flake-utils",
        "type": "github"
      }
    },
    "flox": {
      "inputs": {
        "src": "src_2"
      },
      "locked": {
        "narHash": "sha256-dM4EomVt2nqk6SHHITeSkwNcHHNEpwuwoy4+z/Fm9uw=",
        "path": "./pkgs/flox",
        "type": "path"
      },
      "original": {
        "path": "./pkgs/flox",
        "type": "path"
      }
    },
    "floxdocs": {
      "flake": false,
      "locked": {
        "lastModified": 1652381882,
        "narHash": "sha256-yNEkfwhOO+Fi9ckD0bXKwBNzB9k7r7vMqUfY1FyI7R8=",
        "ref": "tng",
        "rev": "fc72636b1a0b2c5c41f118430948d2468bd794f0",
        "revCount": 420,
        "type": "git",
        "url": "ssh://git@github.com/flox/floxdocs"
      },
      "original": {
        "ref": "tng",
        "type": "git",
        "url": "ssh://git@github.com/flox/floxdocs"
      }
    },
    "floxpkgsv1": {
      "flake": false,
      "locked": {
        "lastModified": 1649277793,
        "narHash": "sha256-5jn+ST331qonhySJHGu+S9oGaOv8ky64zaEYpo2uFoI=",
        "ref": "master",
        "rev": "56ba09936b5415182411df369c781fc75b2a0847",
        "revCount": 94,
        "type": "git",
        "url": "ssh://git@github.com/flox/floxpkgsv1"
      },
      "original": {
        "type": "git",
        "url": "ssh://git@github.com/flox/floxpkgsv1"
      }
    },
    "nix-eval-jobs": {
      "inputs": {
        "flake-utils": "flake-utils",
        "nixpkgs": [
          "capacitor",
          "nixpkgs"
        ]
      },
      "locked": {
        "lastModified": 1650329966,
        "narHash": "sha256-kSr0AcRKp3cE5+QGVK258qd2zZtR7Ty8ysNX9EHFgA0=",
        "owner": "tomberek",
        "repo": "nix-eval-jobs",
        "rev": "adcde0193f1c4b58406d52222d265613b8b16432",
        "type": "github"
      },
      "original": {
        "owner": "tomberek",
        "repo": "nix-eval-jobs",
        "type": "github"
      }
    },
    "nix-eval-jobs_2": {
      "inputs": {
        "flake-utils": "flake-utils_2",
        "nixpkgs": "nixpkgs_2"
      },
      "locked": {
        "lastModified": 1650329966,
        "narHash": "sha256-kSr0AcRKp3cE5+QGVK258qd2zZtR7Ty8ysNX9EHFgA0=",
        "owner": "tomberek",
        "repo": "nix-eval-jobs",
        "rev": "adcde0193f1c4b58406d52222d265613b8b16432",
        "type": "github"
      },
      "original": {
        "owner": "tomberek",
        "repo": "nix-eval-jobs",
        "type": "github"
      }
    },
    "nix-installers": {
      "flake": false,
      "locked": {
        "lastModified": 1652961933,
        "narHash": "sha256-dndexOx7KWSYMC1vizzuyFfxpOKe85jrAsc+Myjlk5A=",
        "ref": "flox-hacks",
        "rev": "e813de95f604a91f34786914f5feab873580bfdc",
        "revCount": 62,
        "type": "git",
        "url": "ssh://git@github.com/flox/nix-installers"
      },
      "original": {
        "ref": "flox-hacks",
        "type": "git",
        "url": "ssh://git@github.com/flox/nix-installers"
      }
    },
    "nixpkgs": {
      "inputs": {
        "capacitor": [
          "capacitor"
        ],
        "nix-eval-jobs": "nix-eval-jobs_2",
        "nixpkgs": "nixpkgs_3",
        "nixpkgs-stable": "nixpkgs-stable",
        "nixpkgs-staging": "nixpkgs-staging",
        "nixpkgs-unstable": "nixpkgs-unstable"
      },
      "locked": {
        "lastModified": 1652898979,
        "narHash": "sha256-RRzVn688Z+VFZ3MFKGockPM1sPlrDwZrpN1th7QylOc=",
        "ref": "master",
        "rev": "f5eced6769aaff5658695c281f3831856dbebbc9",
        "revCount": 55,
        "type": "git",
        "url": "ssh://git@github.com/flox/nixpkgs-flox"
      },
      "original": {
        "type": "git",
        "url": "ssh://git@github.com/flox/nixpkgs-flox"
      }
    },
    "nixpkgs-lib": {
      "locked": {
        "lastModified": 1652576347,
        "narHash": "sha256-52Wu7hkcIRcS4UenSSrt01J2sAbbQ6YqxZIDpuEPL/c=",
        "owner": "nix-community",
        "repo": "nixpkgs.lib",
        "rev": "bdf553800c9c34ed00641785b02038f67f44d671",
        "type": "github"
      },
      "original": {
        "owner": "nix-community",
        "repo": "nixpkgs.lib",
        "type": "github"
      }
    },
    "nixpkgs-stable": {
      "locked": {
        "lastModified": 1647598144,
        "narHash": "sha256-ulGq3W5XsrBMU/u5k9d4oPy65pQTkunR4HKKtTq0RwY=",
        "owner": "flox",
        "repo": "nixpkgs",
        "rev": "d236aeb87f660cb2945dad63bcfdd2540eda1b53",
        "type": "github"
      },
      "original": {
        "owner": "flox",
        "ref": "stable",
        "repo": "nixpkgs",
        "type": "github"
      }
    },
    "nixpkgs-staging": {
      "locked": {
        "lastModified": 1650161686,
        "narHash": "sha256-70ZWAlOQ9nAZ08OU6WY7n4Ij2kOO199dLfNlvO/+pf8=",
        "owner": "flox",
        "repo": "nixpkgs",
        "rev": "1ffba9f2f683063c2b14c9f4d12c55ad5f4ed887",
        "type": "github"
      },
      "original": {
        "owner": "flox",
        "ref": "staging",
        "repo": "nixpkgs",
        "type": "github"
      }
    },
    "nixpkgs-unstable": {
      "locked": {
        "lastModified": 1650161686,
        "narHash": "sha256-70ZWAlOQ9nAZ08OU6WY7n4Ij2kOO199dLfNlvO/+pf8=",
        "owner": "flox",
        "repo": "nixpkgs",
        "rev": "1ffba9f2f683063c2b14c9f4d12c55ad5f4ed887",
        "type": "github"
      },
      "original": {
        "owner": "flox",
        "ref": "unstable",
        "repo": "nixpkgs",
        "type": "github"
      }
    },
    "nixpkgs_2": {
      "locked": {
        "lastModified": 1647186833,
        "narHash": "sha256-62CMNrhICLcI/5jNSQDAQpUUvtvTXBsYWSU6ZlhPIzs=",
        "owner": "Mic92",
        "repo": "nixpkgs",
        "rev": "de173cbbb66e9b454e0e836cec1b807856934539",
        "type": "github"
      },
      "original": {
        "owner": "Mic92",
        "ref": "nix-unstable",
        "repo": "nixpkgs",
        "type": "github"
      }
    },
    "nixpkgs_3": {
      "locked": {
        "lastModified": 1650161686,
        "narHash": "sha256-70ZWAlOQ9nAZ08OU6WY7n4Ij2kOO199dLfNlvO/+pf8=",
        "owner": "flox",
        "repo": "nixpkgs",
        "rev": "1ffba9f2f683063c2b14c9f4d12c55ad5f4ed887",
        "type": "github"
      },
      "original": {
        "owner": "flox",
        "ref": "unstable",
        "repo": "nixpkgs",
        "type": "github"
      }
    },
    "root": {
      "inputs": {
        "cached__nixpkgs-stable__x86_64-linux": "cached__nixpkgs-stable__x86_64-linux",
        "capacitor": "capacitor",
        "catalog": "catalog",
        "flox": "flox",
        "floxdocs": "floxdocs",
        "floxpkgsv1": "floxpkgsv1",
        "nix-installers": "nix-installers",
        "nixpkgs": "nixpkgs",
        "tracelinks": "tracelinks"
      }
    },
    "src": {
      "flake": false,
      "locked": {
        "lastModified": 1652917673,
        "narHash": "sha256-WhOu6ndrF8P4D9LDcPhRlY4amdMkMOAhqA3QOaVFgQo=",
        "ref": "master",
        "rev": "643dcb1106adab9accae20a312146fe794d73f0a",
        "revCount": 29,
        "type": "git",
        "url": "ssh://git@github.com/flox/catalog"
      },
      "original": {
        "ref": "master",
        "type": "git",
        "url": "ssh://git@github.com/flox/catalog"
      }
    },
    "src_2": {
      "flake": false,
      "locked": {
        "lastModified": 1652887330,
        "narHash": "sha256-F4IlJqZ2hzVOqZAwDoRs5RKYakoZETaCRjyYXPLIQ8Y=",
        "ref": "tng",
        "rev": "ae6ade2e6c49e5a8a6a708e5673c034c14352184",
        "revCount": 124,
        "type": "git",
        "url": "ssh://git@github.com/flox/flox"
      },
      "original": {
        "ref": "tng",
        "type": "git",
        "url": "ssh://git@github.com/flox/flox"
      }
    },
    "src_3": {
      "flake": false,
      "locked": {
        "lastModified": 1647596882,
        "narHash": "sha256-RdD0fUS1XT03T4XSp4abxb8AOkQUEy93I86xBkks/Tc=",
        "ref": "main",
        "rev": "22d985d2757f1834ee51d3dadc93908c9cfc9ab3",
        "revCount": 5,
        "type": "git",
        "url": "ssh://git@github.com/flox/tracelinks"
      },
      "original": {
        "ref": "main",
        "type": "git",
        "url": "ssh://git@github.com/flox/tracelinks"
      }
    },
    "tracelinks": {
      "inputs": {
        "src": "src_3"
      },
      "locked": {
        "narHash": "sha256-YbWlEEhGQdL0nNBsKw3aVPjq4dPKO4Cxs+54nx1qe20=",
        "path": "./pkgs/tracelinks",
        "type": "path"
      },
      "original": {
        "path": "./pkgs/tracelinks",
        "type": "path"
      }
    }
  },
  "root": "root",
  "version": 7
}
